
Microsoft Visual Studio Solution File, Format Version 12.00
# Visual Studio Version 17
VisualStudioVersion = 17.13.35931.197
MinimumVisualStudioVersion = 10.0.40219.1
Project("{FAE04EC0-301F-11D3-BF4B-00C04F79EFBC}") = "ILMapps", "ILMapps.csproj", "{D2B89E93-FE1B-4883-BD86-574BD982CEDF}"
EndProject
Global
	GlobalSection(SolutionConfigurationPlatforms) = preSolution
		Debug|Any CPU = Debug|Any CPU
		Release|Any CPU = Release|Any CPU
	EndGlobalSection
	GlobalSection(ProjectConfigurationPlatforms) = postSolution
		{D2B89E93-FE1B-4883-BD86-574BD982CEDF}.Debug|Any CPU.ActiveCfg = Debug|Any CPU
		{D2B89E93-FE1B-4883-BD86-574BD982CEDF}.Debug|Any CPU.Build.0 = Debug|Any CPU
		{D2B89E93-FE1B-4883-BD86-574BD982CEDF}.Release|Any CPU.ActiveCfg = Release|Any CPU
		{D2B89E93-FE1B-4883-BD86-574BD982CEDF}.Release|Any CPU.Build.0 = Release|Any CPU
	EndGlobalSection
	GlobalSection(SolutionProperties) = preSolution
		HideSolutionNode = FALSE
	EndGlobalSection
	GlobalSection(ExtensibilityGlobals) = postSolution
		SolutionGuid = {4A5F44A6-5B99-4871-BC84-72D9836BF98C}
	EndGlobalSection
EndGlobal
